
Microsoft Visual Studio Solution File, Format Version 11.00
# Visual Studio 2010
Project("{FAE04EC0-301F-11D3-BF4B-00C04F79EFBC}") = "XPSCryptEncrypt", "XPSCryptEncrypt\XPSCryptEncrypt.csproj", "{D952F8AA-35A1-40F8-9D54-7ECF537E05A8}"
EndProject
Global
	GlobalSection(SolutionConfigurationPlatforms) = preSolution
		Debug|Any CPU = Debug|Any CPU
		Release|Any CPU = Release|Any CPU
	EndGlobalSection
	GlobalSection(ProjectConfigurationPlatforms) = postSolution
		{D952F8AA-35A1-40F8-9D54-7ECF537E05A8}.Debug|Any CPU.ActiveCfg = Debug|Any CPU
		{D952F8AA-35A1-40F8-9D54-7ECF537E05A8}.Debug|Any CPU.Build.0 = Debug|Any CPU
		{D952F8AA-35A1-40F8-9D54-7ECF537E05A8}.Release|Any CPU.ActiveCfg = Release|Any CPU
		{D952F8AA-35A1-40F8-9D54-7ECF537E05A8}.Release|Any CPU.Build.0 = Release|Any CPU
	EndGlobalSection
	GlobalSection(SolutionProperties) = preSolution
		HideSolutionNode = FALSE
	EndGlobalSection
EndGlobal
