
Microsoft Visual Studio Solution File, Format Version 11.00
# Visual Studio 2010
Project("{FAE04EC0-301F-11D3-BF4B-00C04F79EFBC}") = "Test.Web", "Test.Web\Test.Web.csproj", "{739AA796-D69F-4A66-9D72-9A0AC9FC7B10}"
EndProject
Project("{FAE04EC0-301F-11D3-BF4B-00C04F79EFBC}") = "MyControl", "MyControl\MyControl.csproj", "{A6631DB7-7397-4F6D-A5BC-2C2F84AE6E82}"
EndProject
Project("{FAE04EC0-301F-11D3-BF4B-00C04F79EFBC}") = "Test", "Test\Test.csproj", "{79F0B864-E973-44C3-BB2A-4D847D4E0461}"
EndProject
Project("{FAE04EC0-301F-11D3-BF4B-00C04F79EFBC}") = "XPSCryptEncrypt", "XPSCryptEncrypt\XPSCryptEncrypt.csproj", "{D952F8AA-35A1-40F8-9D54-7ECF537E05A8}"
EndProject
Global
	GlobalSection(SolutionConfigurationPlatforms) = preSolution
		Debug|Any CPU = Debug|Any CPU
		Release|Any CPU = Release|Any CPU
	EndGlobalSection
	GlobalSection(ProjectConfigurationPlatforms) = postSolution
		{739AA796-D69F-4A66-9D72-9A0AC9FC7B10}.Debug|Any CPU.ActiveCfg = Debug|Any CPU
		{739AA796-D69F-4A66-9D72-9A0AC9FC7B10}.Debug|Any CPU.Build.0 = Debug|Any CPU
		{739AA796-D69F-4A66-9D72-9A0AC9FC7B10}.Release|Any CPU.ActiveCfg = Release|Any CPU
		{739AA796-D69F-4A66-9D72-9A0AC9FC7B10}.Release|Any CPU.Build.0 = Release|Any CPU
		{A6631DB7-7397-4F6D-A5BC-2C2F84AE6E82}.Debug|Any CPU.ActiveCfg = Debug|Any CPU
		{A6631DB7-7397-4F6D-A5BC-2C2F84AE6E82}.Debug|Any CPU.Build.0 = Debug|Any CPU
		{A6631DB7-7397-4F6D-A5BC-2C2F84AE6E82}.Release|Any CPU.ActiveCfg = Release|Any CPU
		{A6631DB7-7397-4F6D-A5BC-2C2F84AE6E82}.Release|Any CPU.Build.0 = Release|Any CPU
		{79F0B864-E973-44C3-BB2A-4D847D4E0461}.Debug|Any CPU.ActiveCfg = Debug|Any CPU
		{79F0B864-E973-44C3-BB2A-4D847D4E0461}.Debug|Any CPU.Build.0 = Debug|Any CPU
		{79F0B864-E973-44C3-BB2A-4D847D4E0461}.Release|Any CPU.ActiveCfg = Release|Any CPU
		{79F0B864-E973-44C3-BB2A-4D847D4E0461}.Release|Any CPU.Build.0 = Release|Any CPU
		{D952F8AA-35A1-40F8-9D54-7ECF537E05A8}.Debug|Any CPU.ActiveCfg = Debug|Any CPU
		{D952F8AA-35A1-40F8-9D54-7ECF537E05A8}.Debug|Any CPU.Build.0 = Debug|Any CPU
		{D952F8AA-35A1-40F8-9D54-7ECF537E05A8}.Release|Any CPU.ActiveCfg = Release|Any CPU
		{D952F8AA-35A1-40F8-9D54-7ECF537E05A8}.Release|Any CPU.Build.0 = Release|Any CPU
	EndGlobalSection
	GlobalSection(SolutionProperties) = preSolution
		HideSolutionNode = FALSE
	EndGlobalSection
EndGlobal
